
Microsoft Visual Studio Solution File, Format Version 12.00
# Visual Studio 15
VisualStudioVersion = 15.0.27130.2010
MinimumVisualStudioVersion = 10.0.40219.1
Project("{FAE04EC0-301F-11D3-BF4B-00C04F79EFBC}") = "RomanNumerals.app", "RomanNumerals.app\RomanNumerals.app.csproj", "{EB05468D-EE12-4232-B29A-059A36DFDF5C}"
EndProject
Global
	GlobalSection(SolutionConfigurationPlatforms) = preSolution
		Debug|Any CPU = Debug|Any CPU
		Release|Any CPU = Release|Any CPU
	EndGlobalSection
	GlobalSection(ProjectConfigurationPlatforms) = postSolution
		{EB05468D-EE12-4232-B29A-059A36DFDF5C}.Debug|Any CPU.ActiveCfg = Debug|Any CPU
		{EB05468D-EE12-4232-B29A-059A36DFDF5C}.Debug|Any CPU.Build.0 = Debug|Any CPU
		{EB05468D-EE12-4232-B29A-059A36DFDF5C}.Release|Any CPU.ActiveCfg = Release|Any CPU
		{EB05468D-EE12-4232-B29A-059A36DFDF5C}.Release|Any CPU.Build.0 = Release|Any CPU
	EndGlobalSection
	GlobalSection(SolutionProperties) = preSolution
		HideSolutionNode = FALSE
	EndGlobalSection
	GlobalSection(ExtensibilityGlobals) = postSolution
		SolutionGuid = {75936CF6-AD46-47AA-9FF6-841C29CD4E3D}
	EndGlobalSection
EndGlobal
